{
  "version": 4,
  "terraform_version": "1.2.3",
  "serial": 15,
  "lineage": "f5f26462-a75d-0e9d-8e1f-9cd6582396e0",
  "outputs": {
    "aaaaa": {
      "value": "westeurope",
      "type": "string"
    }
  },
  "resources": [
    {
      "mode": "managed",
      "type": "azurerm_container_group",
      "name": "tfcg_test",
      "provider": "provider[\"registry.terraform.io/hashicorp/azurerm\"]",
      "instances": [
        {
          "schema_version": 0,
          "attributes": {
            "container": [
              {
                "commands": [],
                "cpu": 1,
                "environment_variables": null,
                "gpu": [],
                "image": "otmane1990/weatherapi",
                "liveness_probe": [],
                "memory": 1,
                "name": "ct001",
                "ports": [
                  {
                    "port": 80,
                    "protocol": "TCP"
                  }
                ],
                "readiness_probe": [],
                "secure_environment_variables": null,
                "volume": []
              }
            ],
            "diagnostics": [],
            "dns_config": [],
            "dns_name_label": "weatherapi01oeo",
            "exposed_port": [
              {
                "port": 80,
                "protocol": "TCP"
              }
            ],
            "fqdn": "weatherapi01oeo.westeurope.azurecontainer.io",
            "id": "/subscriptions/d9461c87-de3b-401c-9a99-0cfa3fabee67/resourceGroups/rg_test/providers/Microsoft.ContainerInstance/containerGroups/weatherapi01",
            "identity": [],
            "image_registry_credential": [],
            "ip_address": "20.103.148.58",
            "ip_address_type": "Public",
            "location": "westeurope",
            "name": "weatherapi01",
            "network_profile_id": null,
            "os_type": "Linux",
            "resource_group_name": "rg_test",
            "restart_policy": "Always",
            "tags": {
              "environment": "testing"
            },
            "timeouts": null
          },
          "sensitive_attributes": [],
          "private": "eyJlMmJmYjczMC1lY2FhLTExZTYtOGY4OC0zNDM2M2JjN2M0YzAiOnsiY3JlYXRlIjoxODAwMDAwMDAwMDAwLCJkZWxldGUiOjE4MDAwMDAwMDAwMDAsInJlYWQiOjMwMDAwMDAwMDAwMCwidXBkYXRlIjoxODAwMDAwMDAwMDAwfX0=",
          "dependencies": [
            "azurerm_resource_group.tf_test"
          ]
        }
      ]
    },
    {
      "mode": "managed",
      "type": "azurerm_resource_group",
      "name": "tf_test",
      "provider": "provider[\"registry.terraform.io/hashicorp/azurerm\"]",
      "instances": [
        {
          "schema_version": 0,
          "attributes": {
            "id": "/subscriptions/d9461c87-de3b-401c-9a99-0cfa3fabee67/resourceGroups/rg_test",
            "location": "westeurope",
            "name": "rg_test",
            "tags": {},
            "timeouts": null
          },
          "sensitive_attributes": [],
          "private": "eyJlMmJmYjczMC1lY2FhLTExZTYtOGY4OC0zNDM2M2JjN2M0YzAiOnsiY3JlYXRlIjo1NDAwMDAwMDAwMDAwLCJkZWxldGUiOjU0MDAwMDAwMDAwMDAsInJlYWQiOjMwMDAwMDAwMDAwMCwidXBkYXRlIjo1NDAwMDAwMDAwMDAwfX0="
        }
      ]
    }
  ]
}
